{
  "name": "actual-sync",
  "version": "1.0.0",
  "lockfileVersion": 2,
  "requires": true,
  "packages": {
    "": {
      "name": "actual-sync",
      "version": "1.0.0",
      "license": "ISC",
      "dependencies": {
        "@actual-app/web": "^4.0.2"
      }
    },
    "node_modules/@actual-app/web": {
      "version": "4.0.2",
      "resolved": "https://registry.npmjs.org/@actual-app/web/-/web-4.0.2.tgz",
      "integrity": "sha512-UGsZ1PBZuFM8temch6J8t6Z18JzFqDvrweWg77Vje1nyBFqwTKzsWrABbinxJF9fI+qiYH5T/eTftj7/JB0f3A=="
    }
  },
  "dependencies": {
    "@actual-app/web": {
      "version": "4.0.2",
      "resolved": "https://registry.npmjs.org/@actual-app/web/-/web-4.0.2.tgz",
      "integrity": "sha512-UGsZ1PBZuFM8temch6J8t6Z18JzFqDvrweWg77Vje1nyBFqwTKzsWrABbinxJF9fI+qiYH5T/eTftj7/JB0f3A=="
    }
  }
}
