{
  "name": "actual-sync",
  "version": "1.0.0",
  "lockfileVersion": 2,
  "requires": true,
  "packages": {
    "": {
      "name": "actual-sync",
      "version": "1.0.0",
      "license": "ISC",
      "dependencies": {
        "@actual-app/web": "^4.1.0"
      }
    },
    "node_modules/@actual-app/web": {
      "version": "4.1.0",
      "resolved": "https://registry.npmjs.org/@actual-app/web/-/web-4.1.0.tgz",
      "integrity": "sha512-QgxrHBUoDXsUCRzQTD4PmDkTt27UUcPfFJMqXPHtk2lP0ey7iVsZIW7AUeYkEs1+ghmqVVqk+jw3OAD4XQzbRA=="
    }
  },
  "dependencies": {
    "@actual-app/web": {
      "version": "4.1.0",
      "resolved": "https://registry.npmjs.org/@actual-app/web/-/web-4.1.0.tgz",
      "integrity": "sha512-QgxrHBUoDXsUCRzQTD4PmDkTt27UUcPfFJMqXPHtk2lP0ey7iVsZIW7AUeYkEs1+ghmqVVqk+jw3OAD4XQzbRA=="
    }
  }
}
